
Microsoft Visual Studio Solution File, Format Version 12.00
# Visual Studio 2012
Project("{8BC9CEB8-8B4A-11D0-8D11-00A0C91BC942}") = "QuanLyNganHang", "QuanLyNganHang\QuanLyNganHang.vcxproj", "{1034A57D-05B7-4A93-9ED9-AFFDACA7F3FB}"
EndProject
Global
	GlobalSection(SolutionConfigurationPlatforms) = preSolution
		Debug|Win32 = Debug|Win32
		Release|Win32 = Release|Win32
	EndGlobalSection
	GlobalSection(ProjectConfigurationPlatforms) = postSolution
		{1034A57D-05B7-4A93-9ED9-AFFDACA7F3FB}.Debug|Win32.ActiveCfg = Debug|Win32
		{1034A57D-05B7-4A93-9ED9-AFFDACA7F3FB}.Debug|Win32.Build.0 = Debug|Win32
		{1034A57D-05B7-4A93-9ED9-AFFDACA7F3FB}.Release|Win32.ActiveCfg = Release|Win32
		{1034A57D-05B7-4A93-9ED9-AFFDACA7F3FB}.Release|Win32.Build.0 = Release|Win32
	EndGlobalSection
	GlobalSection(SolutionProperties) = preSolution
		HideSolutionNode = FALSE
	EndGlobalSection
EndGlobal
